// !$*UTF8*$!
{
	archiveVersion = 1;
	classes = {
	};
	objectVersion = 56;
	objects = {

/* Begin PBXBuildFile section */
		D88C51D82D404442005C621F /* ResponseDTOs.swift in Sources */ = {isa = PBXBuildFile; fileRef = D88C51D72D404442005C621F /* ResponseDTOs.swift */; };
		D88C51DA2D404466005C621F /* HomeViewModel.swift in Sources */ = {isa = PBXBuildFile; fileRef = D88C51D92D404466005C621F /* HomeViewModel.swift */; };
		D88C51DC2D4045C2005C621F /* Config.xcconfig in Resources */ = {isa = PBXBuildFile; fileRef = D88C51DB2D4045C2005C621F /* Config.xcconfig */; };
		D8DAB7912D4009BE005A39A4 /* NooroTakeHomeApp.swift in Sources */ = {isa = PBXBuildFile; fileRef = D8DAB7902D4009BE005A39A4 /* NooroTakeHomeApp.swift */; };
		D8DAB7932D4009BE005A39A4 /* ContentView.swift in Sources */ = {isa = PBXBuildFile; fileRef = D8DAB7922D4009BE005A39A4 /* ContentView.swift */; };
		D8DAB7952D4009C0005A39A4 /* Assets.xcassets in Resources */ = {isa = PBXBuildFile; fileRef = D8DAB7942D4009C0005A39A4 /* Assets.xcassets */; };
		D8DAB7982D4009C0005A39A4 /* Preview Assets.xcassets in Resources */ = {isa = PBXBuildFile; fileRef = D8DAB7972D4009C0005A39A4 /* Preview Assets.xcassets */; };
		D8DAB79F2D40172E005A39A4 /* AsyncCachableImage.swift in Sources */ = {isa = PBXBuildFile; fileRef = D8DAB79E2D40172E005A39A4 /* AsyncCachableImage.swift */; };
		D8DAB7A12D4029C1005A39A4 /* EmptyStateView.swift in Sources */ = {isa = PBXBuildFile; fileRef = D8DAB7A02D4029C1005A39A4 /* EmptyStateView.swift */; };
		D8DAB7A32D4029F4005A39A4 /* SearchResultsView.swift in Sources */ = {isa = PBXBuildFile; fileRef = D8DAB7A22D4029F4005A39A4 /* SearchResultsView.swift */; };
		D8DAB7A52D402A20005A39A4 /* LoadingView.swift in Sources */ = {isa = PBXBuildFile; fileRef = D8DAB7A42D402A20005A39A4 /* LoadingView.swift */; };
		D8DAB7A72D402A8A005A39A4 /* Repository.swift in Sources */ = {isa = PBXBuildFile; fileRef = D8DAB7A62D402A8A005A39A4 /* Repository.swift */; };
		D8DAB7A92D402B95005A39A4 /* CityWeatherDetailView.swift in Sources */ = {isa = PBXBuildFile; fileRef = D8DAB7A82D402B95005A39A4 /* CityWeatherDetailView.swift */; };
/* End PBXBuildFile section */

/* Begin PBXFileReference section */
		D88C51D72D404442005C621F /* ResponseDTOs.swift */ = {isa = PBXFileReference; lastKnownFileType = sourcecode.swift; path = ResponseDTOs.swift; sourceTree = "<group>"; };
		D88C51D92D404466005C621F /* HomeViewModel.swift */ = {isa = PBXFileReference; lastKnownFileType = sourcecode.swift; path = HomeViewModel.swift; sourceTree = "<group>"; };
		D88C51DB2D4045C2005C621F /* Config.xcconfig */ = {isa = PBXFileReference; lastKnownFileType = text.xcconfig; path = Config.xcconfig; sourceTree = "<group>"; };
		D88C51DD2D404A93005C621F /* Info.plist */ = {isa = PBXFileReference; lastKnownFileType = text.plist; path = Info.plist; sourceTree = "<group>"; };
		D8DAB78D2D4009BE005A39A4 /* NooroTakeHome.app */ = {isa = PBXFileReference; explicitFileType = wrapper.application; includeInIndex = 0; path = NooroTakeHome.app; sourceTree = BUILT_PRODUCTS_DIR; };
		D8DAB7902D4009BE005A39A4 /* NooroTakeHomeApp.swift */ = {isa = PBXFileReference; lastKnownFileType = sourcecode.swift; path = NooroTakeHomeApp.swift; sourceTree = "<group>"; };
		D8DAB7922D4009BE005A39A4 /* ContentView.swift */ = {isa = PBXFileReference; lastKnownFileType = sourcecode.swift; path = ContentView.swift; sourceTree = "<group>"; };
		D8DAB7942D4009C0005A39A4 /* Assets.xcassets */ = {isa = PBXFileReference; lastKnownFileType = folder.assetcatalog; path = Assets.xcassets; sourceTree = "<group>"; };
		D8DAB7972D4009C0005A39A4 /* Preview Assets.xcassets */ = {isa = PBXFileReference; lastKnownFileType = folder.assetcatalog; path = "Preview Assets.xcassets"; sourceTree = "<group>"; };
		D8DAB79E2D40172E005A39A4 /* AsyncCachableImage.swift */ = {isa = PBXFileReference; fileEncoding = 4; lastKnownFileType = sourcecode.swift; path = AsyncCachableImage.swift; sourceTree = "<group>"; };
		D8DAB7A02D4029C1005A39A4 /* EmptyStateView.swift */ = {isa = PBXFileReference; lastKnownFileType = sourcecode.swift; path = EmptyStateView.swift; sourceTree = "<group>"; };
		D8DAB7A22D4029F4005A39A4 /* SearchResultsView.swift */ = {isa = PBXFileReference; lastKnownFileType = sourcecode.swift; path = SearchResultsView.swift; sourceTree = "<group>"; };
		D8DAB7A42D402A20005A39A4 /* LoadingView.swift */ = {isa = PBXFileReference; lastKnownFileType = sourcecode.swift; path = LoadingView.swift; sourceTree = "<group>"; };
		D8DAB7A62D402A8A005A39A4 /* Repository.swift */ = {isa = PBXFileReference; lastKnownFileType = sourcecode.swift; path = Repository.swift; sourceTree = "<group>"; };
		D8DAB7A82D402B95005A39A4 /* CityWeatherDetailView.swift */ = {isa = PBXFileReference; lastKnownFileType = sourcecode.swift; path = CityWeatherDetailView.swift; sourceTree = "<group>"; };
/* End PBXFileReference section */

/* Begin PBXFrameworksBuildPhase section */
		D8DAB78A2D4009BE005A39A4 /* Frameworks */ = {
			isa = PBXFrameworksBuildPhase;
			buildActionMask = 2147483647;
			files = (
			);
			runOnlyForDeploymentPostprocessing = 0;
		};
/* End PBXFrameworksBuildPhase section */

/* Begin PBXGroup section */
		D8DAB7842D4009BE005A39A4 = {
			isa = PBXGroup;
			children = (
				D8DAB78F2D4009BE005A39A4 /* NooroTakeHome */,
				D8DAB78E2D4009BE005A39A4 /* Products */,
			);
			sourceTree = "<group>";
		};
		D8DAB78E2D4009BE005A39A4 /* Products */ = {
			isa = PBXGroup;
			children = (
				D8DAB78D2D4009BE005A39A4 /* NooroTakeHome.app */,
			);
			name = Products;
			sourceTree = "<group>";
		};
		D8DAB78F2D4009BE005A39A4 /* NooroTakeHome */ = {
			isa = PBXGroup;
			children = (
				D88C51DD2D404A93005C621F /* Info.plist */,
				D8DAB79E2D40172E005A39A4 /* AsyncCachableImage.swift */,
				D8DAB7902D4009BE005A39A4 /* NooroTakeHomeApp.swift */,
				D8DAB7922D4009BE005A39A4 /* ContentView.swift */,
				D8DAB7942D4009C0005A39A4 /* Assets.xcassets */,
				D8DAB7962D4009C0005A39A4 /* Preview Content */,
				D8DAB7A02D4029C1005A39A4 /* EmptyStateView.swift */,
				D8DAB7A22D4029F4005A39A4 /* SearchResultsView.swift */,
				D8DAB7A42D402A20005A39A4 /* LoadingView.swift */,
				D8DAB7A62D402A8A005A39A4 /* Repository.swift */,
				D8DAB7A82D402B95005A39A4 /* CityWeatherDetailView.swift */,
				D88C51D72D404442005C621F /* ResponseDTOs.swift */,
				D88C51D92D404466005C621F /* HomeViewModel.swift */,
				D88C51DB2D4045C2005C621F /* Config.xcconfig */,
			);
			path = NooroTakeHome;
			sourceTree = "<group>";
		};
		D8DAB7962D4009C0005A39A4 /* Preview Content */ = {
			isa = PBXGroup;
			children = (
				D8DAB7972D4009C0005A39A4 /* Preview Assets.xcassets */,
			);
			path = "Preview Content";
			sourceTree = "<group>";
		};
/* End PBXGroup section */

/* Begin PBXNativeTarget section */
		D8DAB78C2D4009BE005A39A4 /* NooroTakeHome */ = {
			isa = PBXNativeTarget;
			buildConfigurationList = D8DAB79B2D4009C0005A39A4 /* Build configuration list for PBXNativeTarget "NooroTakeHome" */;
			buildPhases = (
				D8DAB7892D4009BE005A39A4 /* Sources */,
				D8DAB78A2D4009BE005A39A4 /* Frameworks */,
				D8DAB78B2D4009BE005A39A4 /* Resources */,
			);
			buildRules = (
			);
			dependencies = (
			);
			name = NooroTakeHome;
			productName = NooroTakeHome;
			productReference = D8DAB78D2D4009BE005A39A4 /* NooroTakeHome.app */;
			productType = "com.apple.product-type.application";
		};
/* End PBXNativeTarget section */

/* Begin PBXProject section */
		D8DAB7852D4009BE005A39A4 /* Project object */ = {
			isa = PBXProject;
			attributes = {
				BuildIndependentTargetsInParallel = 1;
				LastSwiftUpdateCheck = 1520;
				LastUpgradeCheck = 1520;
				TargetAttributes = {
					D8DAB78C2D4009BE005A39A4 = {
						CreatedOnToolsVersion = 15.2;
					};
				};
			};
			buildConfigurationList = D8DAB7882D4009BE005A39A4 /* Build configuration list for PBXProject "NooroTakeHome" */;
			compatibilityVersion = "Xcode 14.0";
			developmentRegion = en;
			hasScannedForEncodings = 0;
			knownRegions = (
				en,
				Base,
			);
			mainGroup = D8DAB7842D4009BE005A39A4;
			productRefGroup = D8DAB78E2D4009BE005A39A4 /* Products */;
			projectDirPath = "";
			projectRoot = "";
			targets = (
				D8DAB78C2D4009BE005A39A4 /* NooroTakeHome */,
			);
		};
/* End PBXProject section */

/* Begin PBXResourcesBuildPhase section */
		D8DAB78B2D4009BE005A39A4 /* Resources */ = {
			isa = PBXResourcesBuildPhase;
			buildActionMask = 2147483647;
			files = (
				D8DAB7982D4009C0005A39A4 /* Preview Assets.xcassets in Resources */,
				D88C51DC2D4045C2005C621F /* Config.xcconfig in Resources */,
				D8DAB7952D4009C0005A39A4 /* Assets.xcassets in Resources */,
			);
			runOnlyForDeploymentPostprocessing = 0;
		};
/* End PBXResourcesBuildPhase section */

/* Begin PBXSourcesBuildPhase section */
		D8DAB7892D4009BE005A39A4 /* Sources */ = {
			isa = PBXSourcesBuildPhase;
			buildActionMask = 2147483647;
			files = (
				D8DAB7A72D402A8A005A39A4 /* Repository.swift in Sources */,
				D8DAB7932D4009BE005A39A4 /* ContentView.swift in Sources */,
				D8DAB7912D4009BE005A39A4 /* NooroTakeHomeApp.swift in Sources */,
				D88C51DA2D404466005C621F /* HomeViewModel.swift in Sources */,
				D88C51D82D404442005C621F /* ResponseDTOs.swift in Sources */,
				D8DAB7A32D4029F4005A39A4 /* SearchResultsView.swift in Sources */,
				D8DAB7A12D4029C1005A39A4 /* EmptyStateView.swift in Sources */,
				D8DAB7A92D402B95005A39A4 /* CityWeatherDetailView.swift in Sources */,
				D8DAB79F2D40172E005A39A4 /* AsyncCachableImage.swift in Sources */,
				D8DAB7A52D402A20005A39A4 /* LoadingView.swift in Sources */,
			);
			runOnlyForDeploymentPostprocessing = 0;
		};
/* End PBXSourcesBuildPhase section */

/* Begin XCBuildConfiguration section */
		D8DAB7992D4009C0005A39A4 /* Debug */ = {
			isa = XCBuildConfiguration;
			baseConfigurationReference = D88C51DB2D4045C2005C621F /* Config.xcconfig */;
			buildSettings = {
				ALWAYS_SEARCH_USER_PATHS = NO;
				ASSETCATALOG_COMPILER_GENERATE_SWIFT_ASSET_SYMBOL_EXTENSIONS = YES;
				CLANG_ANALYZER_NONNULL = YES;
				CLANG_ANALYZER_NUMBER_OBJECT_CONVERSION = YES_AGGRESSIVE;
				CLANG_CXX_LANGUAGE_STANDARD = "gnu++20";
				CLANG_ENABLE_MODULES = YES;
				CLANG_ENABLE_OBJC_ARC = YES;
				CLANG_ENABLE_OBJC_WEAK = YES;
				CLANG_WARN_BLOCK_CAPTURE_AUTORELEASING = YES;
				CLANG_WARN_BOOL_CONVERSION = YES;
				CLANG_WARN_COMMA = YES;
				CLANG_WARN_CONSTANT_CONVERSION = YES;
				CLANG_WARN_DEPRECATED_OBJC_IMPLEMENTATIONS = YES;
				CLANG_WARN_DIRECT_OBJC_ISA_USAGE = YES_ERROR;
				CLANG_WARN_DOCUMENTATION_COMMENTS = YES;
				CLANG_WARN_EMPTY_BODY = YES;
				CLANG_WARN_ENUM_CONVERSION = YES;
				CLANG_WARN_INFINITE_RECURSION = YES;
				CLANG_WARN_INT_CONVERSION = YES;
				CLANG_WARN_NON_LITERAL_NULL_CONVERSION = YES;
				CLANG_WARN_OBJC_IMPLICIT_RETAIN_SELF = YES;
				CLANG_WARN_OBJC_LITERAL_CONVERSION = YES;
				CLANG_WARN_OBJC_ROOT_CLASS = YES_ERROR;
				CLANG_WARN_QUOTED_INCLUDE_IN_FRAMEWORK_HEADER = YES;
				CLANG_WARN_RANGE_LOOP_ANALYSIS = YES;
				CLANG_WARN_STRICT_PROTOTYPES = YES;
				CLANG_WARN_SUSPICIOUS_MOVE = YES;
				CLANG_WARN_UNGUARDED_AVAILABILITY = YES_AGGRESSIVE;
				CLANG_WARN_UNREACHABLE_CODE = YES;
				CLANG_WARN__DUPLICATE_METHOD_MATCH = YES;
				COPY_PHASE_STRIP = NO;
				DEBUG_INFORMATION_FORMAT = dwarf;
				ENABLE_STRICT_OBJC_MSGSEND = YES;
				ENABLE_TESTABILITY = YES;
				ENABLE_USER_SCRIPT_SANDBOXING = YES;
				GCC_C_LANGUAGE_STANDARD = gnu17;
				GCC_DYNAMIC_NO_PIC = NO;
				GCC_NO_COMMON_BLOCKS = YES;
				GCC_OPTIMIZATION_LEVEL = 0;
				GCC_PREPROCESSOR_DEFINITIONS = (
					"DEBUG=1",
					"$(inherited)",
				);
				GCC_WARN_64_TO_32_BIT_CONVERSION = YES;
				GCC_WARN_ABOUT_RETURN_TYPE = YES_ERROR;
				GCC_WARN_UNDECLARED_SELECTOR = YES;
				GCC_WARN_UNINITIALIZED_AUTOS = YES_AGGRESSIVE;
				GCC_WARN_UNUSED_FUNCTION = YES;
				GCC_WARN_UNUSED_VARIABLE = YES;
				IPHONEOS_DEPLOYMENT_TARGET = 16.6;
				LOCALIZATION_PREFERS_STRING_CATALOGS = YES;
				MTL_ENABLE_DEBUG_INFO = INCLUDE_SOURCE;
				MTL_FAST_MATH = YES;
				ONLY_ACTIVE_ARCH = YES;
				SDKROOT = iphoneos;
				SWIFT_ACTIVE_COMPILATION_CONDITIONS = "DEBUG $(inherited)";
				SWIFT_OPTIMIZATION_LEVEL = "-Onone";
			};
			name = Debug;
		};
		D8DAB79A2D4009C0005A39A4 /* Release */ = {
			isa = XCBuildConfiguration;
			baseConfigurationReference = D88C51DB2D4045C2005C621F /* Config.xcconfig */;
			buildSettings = {
				ALWAYS_SEARCH_USER_PATHS = NO;
				ASSETCATALOG_COMPILER_GENERATE_SWIFT_ASSET_SYMBOL_EXTENSIONS = YES;
				CLANG_ANALYZER_NONNULL = YES;
				CLANG_ANALYZER_NUMBER_OBJECT_CONVERSION = YES_AGGRESSIVE;
				CLANG_CXX_LANGUAGE_STANDARD = "gnu++20";
				CLANG_ENABLE_MODULES = YES;
				CLANG_ENABLE_OBJC_ARC = YES;
				CLANG_ENABLE_OBJC_WEAK = YES;
				CLANG_WARN_BLOCK_CAPTURE_AUTORELEASING = YES;
				CLANG_WARN_BOOL_CONVERSION = YES;
				CLANG_WARN_COMMA = YES;
				CLANG_WARN_CONSTANT_CONVERSION = YES;
				CLANG_WARN_DEPRECATED_OBJC_IMPLEMENTATIONS = YES;
				CLANG_WARN_DIRECT_OBJC_ISA_USAGE = YES_ERROR;
				CLANG_WARN_DOCUMENTATION_COMMENTS = YES;
				CLANG_WARN_EMPTY_BODY = YES;
				CLANG_WARN_ENUM_CONVERSION = YES;
				CLANG_WARN_INFINITE_RECURSION = YES;
				CLANG_WARN_INT_CONVERSION = YES;
				CLANG_WARN_NON_LITERAL_NULL_CONVERSION = YES;
				CLANG_WARN_OBJC_IMPLICIT_RETAIN_SELF = YES;
				CLANG_WARN_OBJC_LITERAL_CONVERSION = YES;
				CLANG_WARN_OBJC_ROOT_CLASS = YES_ERROR;
				CLANG_WARN_QUOTED_INCLUDE_IN_FRAMEWORK_HEADER = YES;
				CLANG_WARN_RANGE_LOOP_ANALYSIS = YES;
				CLANG_WARN_STRICT_PROTOTYPES = YES;
				CLANG_WARN_SUSPICIOUS_MOVE = YES;
				CLANG_WARN_UNGUARDED_AVAILABILITY = YES_AGGRESSIVE;
				CLANG_WARN_UNREACHABLE_CODE = YES;
				CLANG_WARN__DUPLICATE_METHOD_MATCH = YES;
				COPY_PHASE_STRIP = NO;
				DEBUG_INFORMATION_FORMAT = "dwarf-with-dsym";
				ENABLE_NS_ASSERTIONS = NO;
				ENABLE_STRICT_OBJC_MSGSEND = YES;
				ENABLE_USER_SCRIPT_SANDBOXING = YES;
				GCC_C_LANGUAGE_STANDARD = gnu17;
				GCC_NO_COMMON_BLOCKS = YES;
				GCC_WARN_64_TO_32_BIT_CONVERSION = YES;
				GCC_WARN_ABOUT_RETURN_TYPE = YES_ERROR;
				GCC_WARN_UNDECLARED_SELECTOR = YES;
				GCC_WARN_UNINITIALIZED_AUTOS = YES_AGGRESSIVE;
				GCC_WARN_UNUSED_FUNCTION = YES;
				GCC_WARN_UNUSED_VARIABLE = YES;
				IPHONEOS_DEPLOYMENT_TARGET = 16.6;
				LOCALIZATION_PREFERS_STRING_CATALOGS = YES;
				MTL_ENABLE_DEBUG_INFO = NO;
				MTL_FAST_MATH = YES;
				SDKROOT = iphoneos;
				SWIFT_COMPILATION_MODE = wholemodule;
				VALIDATE_PRODUCT = YES;
			};
			name = Release;
		};
		D8DAB79C2D4009C0005A39A4 /* Debug */ = {
			isa = XCBuildConfiguration;
			baseConfigurationReference = D88C51DB2D4045C2005C621F /* Config.xcconfig */;
			buildSettings = {
				ASSETCATALOG_COMPILER_APPICON_NAME = AppIcon;
				ASSETCATALOG_COMPILER_GLOBAL_ACCENT_COLOR_NAME = AccentColor;
				CODE_SIGN_STYLE = Automatic;
				CURRENT_PROJECT_VERSION = 1;
				DEVELOPMENT_ASSET_PATHS = "\"NooroTakeHome/Preview Content\"";
				DEVELOPMENT_TEAM = M5L593V9PD;
				ENABLE_PREVIEWS = YES;
				GENERATE_INFOPLIST_FILE = YES;
				INFOPLIST_FILE = NooroTakeHome/Info.plist;
				INFOPLIST_KEY_UIApplicationSceneManifest_Generation = YES;
				INFOPLIST_KEY_UIApplicationSupportsIndirectInputEvents = YES;
				INFOPLIST_KEY_UILaunchScreen_Generation = YES;
				INFOPLIST_KEY_UISupportedInterfaceOrientations_iPad = "UIInterfaceOrientationPortrait UIInterfaceOrientationPortraitUpsideDown UIInterfaceOrientationLandscapeLeft UIInterfaceOrientationLandscapeRight";
				INFOPLIST_KEY_UISupportedInterfaceOrientations_iPhone = "UIInterfaceOrientationPortrait UIInterfaceOrientationLandscapeLeft UIInterfaceOrientationLandscapeRight";
				IPHONEOS_DEPLOYMENT_TARGET = 16.6;
				LD_RUNPATH_SEARCH_PATHS = (
					"$(inherited)",
					"@executable_path/Frameworks",
				);
				MARKETING_VERSION = 1.0;
				PRODUCT_BUNDLE_IDENTIFIER = MystiqueEnterprises.NooroTakeHome;
				PRODUCT_NAME = "$(TARGET_NAME)";
				SWIFT_EMIT_LOC_STRINGS = YES;
				SWIFT_VERSION = 5.0;
				TARGETED_DEVICE_FAMILY = "1,2";
			};
			name = Debug;
		};
		D8DAB79D2D4009C0005A39A4 /* Release */ = {
			isa = XCBuildConfiguration;
			baseConfigurationReference = D88C51DB2D4045C2005C621F /* Config.xcconfig */;
			buildSettings = {
				ASSETCATALOG_COMPILER_APPICON_NAME = AppIcon;
				ASSETCATALOG_COMPILER_GLOBAL_ACCENT_COLOR_NAME = AccentColor;
				CODE_SIGN_STYLE = Automatic;
				CURRENT_PROJECT_VERSION = 1;
				DEVELOPMENT_ASSET_PATHS = "\"NooroTakeHome/Preview Content\"";
				DEVELOPMENT_TEAM = M5L593V9PD;
				ENABLE_PREVIEWS = YES;
				GENERATE_INFOPLIST_FILE = YES;
				INFOPLIST_FILE = NooroTakeHome/Info.plist;
				INFOPLIST_KEY_UIApplicationSceneManifest_Generation = YES;
				INFOPLIST_KEY_UIApplicationSupportsIndirectInputEvents = YES;
				INFOPLIST_KEY_UILaunchScreen_Generation = YES;
				INFOPLIST_KEY_UISupportedInterfaceOrientations_iPad = "UIInterfaceOrientationPortrait UIInterfaceOrientationPortraitUpsideDown UIInterfaceOrientationLandscapeLeft UIInterfaceOrientationLandscapeRight";
				INFOPLIST_KEY_UISupportedInterfaceOrientations_iPhone = "UIInterfaceOrientationPortrait UIInterfaceOrientationLandscapeLeft UIInterfaceOrientationLandscapeRight";
				IPHONEOS_DEPLOYMENT_TARGET = 16.6;
				LD_RUNPATH_SEARCH_PATHS = (
					"$(inherited)",
					"@executable_path/Frameworks",
				);
				MARKETING_VERSION = 1.0;
				PRODUCT_BUNDLE_IDENTIFIER = MystiqueEnterprises.NooroTakeHome;
				PRODUCT_NAME = "$(TARGET_NAME)";
				SWIFT_EMIT_LOC_STRINGS = YES;
				SWIFT_VERSION = 5.0;
				TARGETED_DEVICE_FAMILY = "1,2";
			};
			name = Release;
		};
/* End XCBuildConfiguration section */

/* Begin XCConfigurationList section */
		D8DAB7882D4009BE005A39A4 /* Build configuration list for PBXProject "NooroTakeHome" */ = {
			isa = XCConfigurationList;
			buildConfigurations = (
				D8DAB7992D4009C0005A39A4 /* Debug */,
				D8DAB79A2D4009C0005A39A4 /* Release */,
			);
			defaultConfigurationIsVisible = 0;
			defaultConfigurationName = Release;
		};
		D8DAB79B2D4009C0005A39A4 /* Build configuration list for PBXNativeTarget "NooroTakeHome" */ = {
			isa = XCConfigurationList;
			buildConfigurations = (
				D8DAB79C2D4009C0005A39A4 /* Debug */,
				D8DAB79D2D4009C0005A39A4 /* Release */,
			);
			defaultConfigurationIsVisible = 0;
			defaultConfigurationName = Release;
		};
/* End XCConfigurationList section */
	};
	rootObject = D8DAB7852D4009BE005A39A4 /* Project object */;
}
